// !$*UTF8*$!
{
	archiveVersion = 1;
	classes = {
	};
	objectVersion = 56;
	objects = {

/* Begin PBXBuildFile section */
		AA972797296D8D6B00FCD5B1 /* AppDelegate.swift in Sources */ = {isa = PBXBuildFile; fileRef = AA972796296D8D6B00FCD5B1 /* AppDelegate.swift */; };
		AA97279B296D8D6B00FCD5B1 /* LoginVC.swift in Sources */ = {isa = PBXBuildFile; fileRef = AA97279A296D8D6B00FCD5B1 /* LoginVC.swift */; };
		AA97279E296D8D6B00FCD5B1 /* Main.storyboard in Resources */ = {isa = PBXBuildFile; fileRef = AA97279C296D8D6B00FCD5B1 /* Main.storyboard */; };
		AA9727A0296D8D6D00FCD5B1 /* Assets.xcassets in Resources */ = {isa = PBXBuildFile; fileRef = AA97279F296D8D6D00FCD5B1 /* Assets.xcassets */; };
		AA9727A3296D8D6D00FCD5B1 /* LaunchScreen.storyboard in Resources */ = {isa = PBXBuildFile; fileRef = AA9727A1296D8D6D00FCD5B1 /* LaunchScreen.storyboard */; };
		AA9727AD296D8E0700FCD5B1 /* Binding.swift in Sources */ = {isa = PBXBuildFile; fileRef = AA9727AC296D8E0700FCD5B1 /* Binding.swift */; };
		AA9727B1296D97BC00FCD5B1 /* MainCoordinator.swift in Sources */ = {isa = PBXBuildFile; fileRef = AA9727B0296D97BC00FCD5B1 /* MainCoordinator.swift */; };
		AA9727B3296D97DF00FCD5B1 /* CoordinatorProtocol.swift in Sources */ = {isa = PBXBuildFile; fileRef = AA9727B2296D97DF00FCD5B1 /* CoordinatorProtocol.swift */; };
		AA9727B6296D9A2100FCD5B1 /* UserModel.swift in Sources */ = {isa = PBXBuildFile; fileRef = AA9727B5296D9A2100FCD5B1 /* UserModel.swift */; };
		AA9727B8296D9A8800FCD5B1 /* LoginViewModel.swift in Sources */ = {isa = PBXBuildFile; fileRef = AA9727B7296D9A8800FCD5B1 /* LoginViewModel.swift */; };
		AA9727BA296D9BD500FCD5B1 /* Storyboardable.swift in Sources */ = {isa = PBXBuildFile; fileRef = AA9727B9296D9BD500FCD5B1 /* Storyboardable.swift */; };
		AA9727BC296DA12E00FCD5B1 /* HomeVC.swift in Sources */ = {isa = PBXBuildFile; fileRef = AA9727BB296DA12E00FCD5B1 /* HomeVC.swift */; };
		AA9727BE296DA24C00FCD5B1 /* HomeViewModel.swift in Sources */ = {isa = PBXBuildFile; fileRef = AA9727BD296DA24C00FCD5B1 /* HomeViewModel.swift */; };
/* End PBXBuildFile section */

/* Begin PBXFileReference section */
		AA972793296D8D6B00FCD5B1 /* 2.MVVM-C.app */ = {isa = PBXFileReference; explicitFileType = wrapper.application; includeInIndex = 0; path = "2.MVVM-C.app"; sourceTree = BUILT_PRODUCTS_DIR; };
		AA972796296D8D6B00FCD5B1 /* AppDelegate.swift */ = {isa = PBXFileReference; lastKnownFileType = sourcecode.swift; path = AppDelegate.swift; sourceTree = "<group>"; };
		AA97279A296D8D6B00FCD5B1 /* LoginVC.swift */ = {isa = PBXFileReference; lastKnownFileType = sourcecode.swift; path = LoginVC.swift; sourceTree = "<group>"; };
		AA97279D296D8D6B00FCD5B1 /* Base */ = {isa = PBXFileReference; lastKnownFileType = file.storyboard; name = Base; path = Base.lproj/Main.storyboard; sourceTree = "<group>"; };
		AA97279F296D8D6D00FCD5B1 /* Assets.xcassets */ = {isa = PBXFileReference; lastKnownFileType = folder.assetcatalog; path = Assets.xcassets; sourceTree = "<group>"; };
		AA9727A2296D8D6D00FCD5B1 /* Base */ = {isa = PBXFileReference; lastKnownFileType = file.storyboard; name = Base; path = Base.lproj/LaunchScreen.storyboard; sourceTree = "<group>"; };
		AA9727A4296D8D6D00FCD5B1 /* Info.plist */ = {isa = PBXFileReference; lastKnownFileType = text.plist.xml; path = Info.plist; sourceTree = "<group>"; };
		AA9727AC296D8E0700FCD5B1 /* Binding.swift */ = {isa = PBXFileReference; lastKnownFileType = sourcecode.swift; path = Binding.swift; sourceTree = "<group>"; };
		AA9727B0296D97BC00FCD5B1 /* MainCoordinator.swift */ = {isa = PBXFileReference; lastKnownFileType = sourcecode.swift; path = MainCoordinator.swift; sourceTree = "<group>"; };
		AA9727B2296D97DF00FCD5B1 /* CoordinatorProtocol.swift */ = {isa = PBXFileReference; lastKnownFileType = sourcecode.swift; path = CoordinatorProtocol.swift; sourceTree = "<group>"; };
		AA9727B5296D9A2100FCD5B1 /* UserModel.swift */ = {isa = PBXFileReference; lastKnownFileType = sourcecode.swift; path = UserModel.swift; sourceTree = "<group>"; };
		AA9727B7296D9A8800FCD5B1 /* LoginViewModel.swift */ = {isa = PBXFileReference; lastKnownFileType = sourcecode.swift; path = LoginViewModel.swift; sourceTree = "<group>"; };
		AA9727B9296D9BD500FCD5B1 /* Storyboardable.swift */ = {isa = PBXFileReference; lastKnownFileType = sourcecode.swift; path = Storyboardable.swift; sourceTree = "<group>"; };
		AA9727BB296DA12E00FCD5B1 /* HomeVC.swift */ = {isa = PBXFileReference; lastKnownFileType = sourcecode.swift; path = HomeVC.swift; sourceTree = "<group>"; };
		AA9727BD296DA24C00FCD5B1 /* HomeViewModel.swift */ = {isa = PBXFileReference; lastKnownFileType = sourcecode.swift; path = HomeViewModel.swift; sourceTree = "<group>"; };
/* End PBXFileReference section */

/* Begin PBXFrameworksBuildPhase section */
		AA972790296D8D6B00FCD5B1 /* Frameworks */ = {
			isa = PBXFrameworksBuildPhase;
			buildActionMask = 2147483647;
			files = (
			);
			runOnlyForDeploymentPostprocessing = 0;
		};
/* End PBXFrameworksBuildPhase section */

/* Begin PBXGroup section */
		AA97278A296D8D6B00FCD5B1 = {
			isa = PBXGroup;
			children = (
				AA972795296D8D6B00FCD5B1 /* 2.MVVM-C */,
				AA972794296D8D6B00FCD5B1 /* Products */,
			);
			sourceTree = "<group>";
		};
		AA972794296D8D6B00FCD5B1 /* Products */ = {
			isa = PBXGroup;
			children = (
				AA972793296D8D6B00FCD5B1 /* 2.MVVM-C.app */,
			);
			name = Products;
			sourceTree = "<group>";
		};
		AA972795296D8D6B00FCD5B1 /* 2.MVVM-C */ = {
			isa = PBXGroup;
			children = (
				AA9727B4296D9A1500FCD5B1 /* Models */,
				AA9727AF296D978200FCD5B1 /* Coordinators */,
				AA9727AB296D8DF800FCD5B1 /* ViewModels */,
				AA9727AA296D8D9300FCD5B1 /* Views */,
				AA972796296D8D6B00FCD5B1 /* AppDelegate.swift */,
				AA97279C296D8D6B00FCD5B1 /* Main.storyboard */,
				AA97279F296D8D6D00FCD5B1 /* Assets.xcassets */,
				AA9727A1296D8D6D00FCD5B1 /* LaunchScreen.storyboard */,
				AA9727A4296D8D6D00FCD5B1 /* Info.plist */,
			);
			path = "2.MVVM-C";
			sourceTree = "<group>";
		};
		AA9727AA296D8D9300FCD5B1 /* Views */ = {
			isa = PBXGroup;
			children = (
				AA97279A296D8D6B00FCD5B1 /* LoginVC.swift */,
				AA9727B9296D9BD500FCD5B1 /* Storyboardable.swift */,
				AA9727BB296DA12E00FCD5B1 /* HomeVC.swift */,
			);
			path = Views;
			sourceTree = "<group>";
		};
		AA9727AB296D8DF800FCD5B1 /* ViewModels */ = {
			isa = PBXGroup;
			children = (
				AA9727AE296D8E1800FCD5B1 /* Bindings */,
				AA9727B7296D9A8800FCD5B1 /* LoginViewModel.swift */,
				AA9727BD296DA24C00FCD5B1 /* HomeViewModel.swift */,
			);
			path = ViewModels;
			sourceTree = "<group>";
		};
		AA9727AE296D8E1800FCD5B1 /* Bindings */ = {
			isa = PBXGroup;
			children = (
				AA9727AC296D8E0700FCD5B1 /* Binding.swift */,
			);
			path = Bindings;
			sourceTree = "<group>";
		};
		AA9727AF296D978200FCD5B1 /* Coordinators */ = {
			isa = PBXGroup;
			children = (
				AA9727B0296D97BC00FCD5B1 /* MainCoordinator.swift */,
				AA9727B2296D97DF00FCD5B1 /* CoordinatorProtocol.swift */,
			);
			path = Coordinators;
			sourceTree = "<group>";
		};
		AA9727B4296D9A1500FCD5B1 /* Models */ = {
			isa = PBXGroup;
			children = (
				AA9727B5296D9A2100FCD5B1 /* UserModel.swift */,
			);
			path = Models;
			sourceTree = "<group>";
		};
/* End PBXGroup section */

/* Begin PBXNativeTarget section */
		AA972792296D8D6B00FCD5B1 /* 2.MVVM-C */ = {
			isa = PBXNativeTarget;
			buildConfigurationList = AA9727A7296D8D6D00FCD5B1 /* Build configuration list for PBXNativeTarget "2.MVVM-C" */;
			buildPhases = (
				AA97278F296D8D6B00FCD5B1 /* Sources */,
				AA972790296D8D6B00FCD5B1 /* Frameworks */,
				AA972791296D8D6B00FCD5B1 /* Resources */,
			);
			buildRules = (
			);
			dependencies = (
			);
			name = "2.MVVM-C";
			productName = "2.MVVM-C";
			productReference = AA972793296D8D6B00FCD5B1 /* 2.MVVM-C.app */;
			productType = "com.apple.product-type.application";
		};
/* End PBXNativeTarget section */

/* Begin PBXProject section */
		AA97278B296D8D6B00FCD5B1 /* Project object */ = {
			isa = PBXProject;
			attributes = {
				BuildIndependentTargetsInParallel = 1;
				LastSwiftUpdateCheck = 1420;
				LastUpgradeCheck = 1420;
				TargetAttributes = {
					AA972792296D8D6B00FCD5B1 = {
						CreatedOnToolsVersion = 14.2;
					};
				};
			};
			buildConfigurationList = AA97278E296D8D6B00FCD5B1 /* Build configuration list for PBXProject "2.MVVM-C" */;
			compatibilityVersion = "Xcode 14.0";
			developmentRegion = en;
			hasScannedForEncodings = 0;
			knownRegions = (
				en,
				Base,
			);
			mainGroup = AA97278A296D8D6B00FCD5B1;
			productRefGroup = AA972794296D8D6B00FCD5B1 /* Products */;
			projectDirPath = "";
			projectRoot = "";
			targets = (
				AA972792296D8D6B00FCD5B1 /* 2.MVVM-C */,
			);
		};
/* End PBXProject section */

/* Begin PBXResourcesBuildPhase section */
		AA972791296D8D6B00FCD5B1 /* Resources */ = {
			isa = PBXResourcesBuildPhase;
			buildActionMask = 2147483647;
			files = (
				AA9727A3296D8D6D00FCD5B1 /* LaunchScreen.storyboard in Resources */,
				AA9727A0296D8D6D00FCD5B1 /* Assets.xcassets in Resources */,
				AA97279E296D8D6B00FCD5B1 /* Main.storyboard in Resources */,
			);
			runOnlyForDeploymentPostprocessing = 0;
		};
/* End PBXResourcesBuildPhase section */

/* Begin PBXSourcesBuildPhase section */
		AA97278F296D8D6B00FCD5B1 /* Sources */ = {
			isa = PBXSourcesBuildPhase;
			buildActionMask = 2147483647;
			files = (
				AA97279B296D8D6B00FCD5B1 /* LoginVC.swift in Sources */,
				AA9727B1296D97BC00FCD5B1 /* MainCoordinator.swift in Sources */,
				AA9727B3296D97DF00FCD5B1 /* CoordinatorProtocol.swift in Sources */,
				AA9727BE296DA24C00FCD5B1 /* HomeViewModel.swift in Sources */,
				AA9727BC296DA12E00FCD5B1 /* HomeVC.swift in Sources */,
				AA972797296D8D6B00FCD5B1 /* AppDelegate.swift in Sources */,
				AA9727BA296D9BD500FCD5B1 /* Storyboardable.swift in Sources */,
				AA9727B6296D9A2100FCD5B1 /* UserModel.swift in Sources */,
				AA9727AD296D8E0700FCD5B1 /* Binding.swift in Sources */,
				AA9727B8296D9A8800FCD5B1 /* LoginViewModel.swift in Sources */,
			);
			runOnlyForDeploymentPostprocessing = 0;
		};
/* End PBXSourcesBuildPhase section */

/* Begin PBXVariantGroup section */
		AA97279C296D8D6B00FCD5B1 /* Main.storyboard */ = {
			isa = PBXVariantGroup;
			children = (
				AA97279D296D8D6B00FCD5B1 /* Base */,
			);
			name = Main.storyboard;
			sourceTree = "<group>";
		};
		AA9727A1296D8D6D00FCD5B1 /* LaunchScreen.storyboard */ = {
			isa = PBXVariantGroup;
			children = (
				AA9727A2296D8D6D00FCD5B1 /* Base */,
			);
			name = LaunchScreen.storyboard;
			sourceTree = "<group>";
		};
/* End PBXVariantGroup section */

/* Begin XCBuildConfiguration section */
		AA9727A5296D8D6D00FCD5B1 /* Debug */ = {
			isa = XCBuildConfiguration;
			buildSettings = {
				ALWAYS_SEARCH_USER_PATHS = NO;
				CLANG_ANALYZER_NONNULL = YES;
				CLANG_ANALYZER_NUMBER_OBJECT_CONVERSION = YES_AGGRESSIVE;
				CLANG_CXX_LANGUAGE_STANDARD = "gnu++20";
				CLANG_ENABLE_MODULES = YES;
				CLANG_ENABLE_OBJC_ARC = YES;
				CLANG_ENABLE_OBJC_WEAK = YES;
				CLANG_WARN_BLOCK_CAPTURE_AUTORELEASING = YES;
				CLANG_WARN_BOOL_CONVERSION = YES;
				CLANG_WARN_COMMA = YES;
				CLANG_WARN_CONSTANT_CONVERSION = YES;
				CLANG_WARN_DEPRECATED_OBJC_IMPLEMENTATIONS = YES;
				CLANG_WARN_DIRECT_OBJC_ISA_USAGE = YES_ERROR;
				CLANG_WARN_DOCUMENTATION_COMMENTS = YES;
				CLANG_WARN_EMPTY_BODY = YES;
				CLANG_WARN_ENUM_CONVERSION = YES;
				CLANG_WARN_INFINITE_RECURSION = YES;
				CLANG_WARN_INT_CONVERSION = YES;
				CLANG_WARN_NON_LITERAL_NULL_CONVERSION = YES;
				CLANG_WARN_OBJC_IMPLICIT_RETAIN_SELF = YES;
				CLANG_WARN_OBJC_LITERAL_CONVERSION = YES;
				CLANG_WARN_OBJC_ROOT_CLASS = YES_ERROR;
				CLANG_WARN_QUOTED_INCLUDE_IN_FRAMEWORK_HEADER = YES;
				CLANG_WARN_RANGE_LOOP_ANALYSIS = YES;
				CLANG_WARN_STRICT_PROTOTYPES = YES;
				CLANG_WARN_SUSPICIOUS_MOVE = YES;
				CLANG_WARN_UNGUARDED_AVAILABILITY = YES_AGGRESSIVE;
				CLANG_WARN_UNREACHABLE_CODE = YES;
				CLANG_WARN__DUPLICATE_METHOD_MATCH = YES;
				COPY_PHASE_STRIP = NO;
				DEBUG_INFORMATION_FORMAT = dwarf;
				ENABLE_STRICT_OBJC_MSGSEND = YES;
				ENABLE_TESTABILITY = YES;
				GCC_C_LANGUAGE_STANDARD = gnu11;
				GCC_DYNAMIC_NO_PIC = NO;
				GCC_NO_COMMON_BLOCKS = YES;
				GCC_OPTIMIZATION_LEVEL = 0;
				GCC_PREPROCESSOR_DEFINITIONS = (
					"DEBUG=1",
					"$(inherited)",
				);
				GCC_WARN_64_TO_32_BIT_CONVERSION = YES;
				GCC_WARN_ABOUT_RETURN_TYPE = YES_ERROR;
				GCC_WARN_UNDECLARED_SELECTOR = YES;
				GCC_WARN_UNINITIALIZED_AUTOS = YES_AGGRESSIVE;
				GCC_WARN_UNUSED_FUNCTION = YES;
				GCC_WARN_UNUSED_VARIABLE = YES;
				IPHONEOS_DEPLOYMENT_TARGET = 16.2;
				MTL_ENABLE_DEBUG_INFO = INCLUDE_SOURCE;
				MTL_FAST_MATH = YES;
				ONLY_ACTIVE_ARCH = YES;
				SDKROOT = iphoneos;
				SWIFT_ACTIVE_COMPILATION_CONDITIONS = DEBUG;
				SWIFT_OPTIMIZATION_LEVEL = "-Onone";
			};
			name = Debug;
		};
		AA9727A6296D8D6D00FCD5B1 /* Release */ = {
			isa = XCBuildConfiguration;
			buildSettings = {
				ALWAYS_SEARCH_USER_PATHS = NO;
				CLANG_ANALYZER_NONNULL = YES;
				CLANG_ANALYZER_NUMBER_OBJECT_CONVERSION = YES_AGGRESSIVE;
				CLANG_CXX_LANGUAGE_STANDARD = "gnu++20";
				CLANG_ENABLE_MODULES = YES;
				CLANG_ENABLE_OBJC_ARC = YES;
				CLANG_ENABLE_OBJC_WEAK = YES;
				CLANG_WARN_BLOCK_CAPTURE_AUTORELEASING = YES;
				CLANG_WARN_BOOL_CONVERSION = YES;
				CLANG_WARN_COMMA = YES;
				CLANG_WARN_CONSTANT_CONVERSION = YES;
				CLANG_WARN_DEPRECATED_OBJC_IMPLEMENTATIONS = YES;
				CLANG_WARN_DIRECT_OBJC_ISA_USAGE = YES_ERROR;
				CLANG_WARN_DOCUMENTATION_COMMENTS = YES;
				CLANG_WARN_EMPTY_BODY = YES;
				CLANG_WARN_ENUM_CONVERSION = YES;
				CLANG_WARN_INFINITE_RECURSION = YES;
				CLANG_WARN_INT_CONVERSION = YES;
				CLANG_WARN_NON_LITERAL_NULL_CONVERSION = YES;
				CLANG_WARN_OBJC_IMPLICIT_RETAIN_SELF = YES;
				CLANG_WARN_OBJC_LITERAL_CONVERSION = YES;
				CLANG_WARN_OBJC_ROOT_CLASS = YES_ERROR;
				CLANG_WARN_QUOTED_INCLUDE_IN_FRAMEWORK_HEADER = YES;
				CLANG_WARN_RANGE_LOOP_ANALYSIS = YES;
				CLANG_WARN_STRICT_PROTOTYPES = YES;
				CLANG_WARN_SUSPICIOUS_MOVE = YES;
				CLANG_WARN_UNGUARDED_AVAILABILITY = YES_AGGRESSIVE;
				CLANG_WARN_UNREACHABLE_CODE = YES;
				CLANG_WARN__DUPLICATE_METHOD_MATCH = YES;
				COPY_PHASE_STRIP = NO;
				DEBUG_INFORMATION_FORMAT = "dwarf-with-dsym";
				ENABLE_NS_ASSERTIONS = NO;
				ENABLE_STRICT_OBJC_MSGSEND = YES;
				GCC_C_LANGUAGE_STANDARD = gnu11;
				GCC_NO_COMMON_BLOCKS = YES;
				GCC_WARN_64_TO_32_BIT_CONVERSION = YES;
				GCC_WARN_ABOUT_RETURN_TYPE = YES_ERROR;
				GCC_WARN_UNDECLARED_SELECTOR = YES;
				GCC_WARN_UNINITIALIZED_AUTOS = YES_AGGRESSIVE;
				GCC_WARN_UNUSED_FUNCTION = YES;
				GCC_WARN_UNUSED_VARIABLE = YES;
				IPHONEOS_DEPLOYMENT_TARGET = 16.2;
				MTL_ENABLE_DEBUG_INFO = NO;
				MTL_FAST_MATH = YES;
				SDKROOT = iphoneos;
				SWIFT_COMPILATION_MODE = wholemodule;
				SWIFT_OPTIMIZATION_LEVEL = "-O";
				VALIDATE_PRODUCT = YES;
			};
			name = Release;
		};
		AA9727A8296D8D6D00FCD5B1 /* Debug */ = {
			isa = XCBuildConfiguration;
			buildSettings = {
				ASSETCATALOG_COMPILER_APPICON_NAME = AppIcon;
				ASSETCATALOG_COMPILER_GLOBAL_ACCENT_COLOR_NAME = AccentColor;
				CODE_SIGN_STYLE = Automatic;
				CURRENT_PROJECT_VERSION = 1;
				DEVELOPMENT_TEAM = YW89A2JD7V;
				GENERATE_INFOPLIST_FILE = YES;
				INFOPLIST_FILE = "2.MVVM-C/Info.plist";
				INFOPLIST_KEY_UIApplicationSupportsIndirectInputEvents = YES;
				INFOPLIST_KEY_UILaunchStoryboardName = LaunchScreen;
				INFOPLIST_KEY_UISupportedInterfaceOrientations_iPad = "UIInterfaceOrientationPortrait UIInterfaceOrientationPortraitUpsideDown UIInterfaceOrientationLandscapeLeft UIInterfaceOrientationLandscapeRight";
				INFOPLIST_KEY_UISupportedInterfaceOrientations_iPhone = "UIInterfaceOrientationPortrait UIInterfaceOrientationLandscapeLeft UIInterfaceOrientationLandscapeRight";
				LD_RUNPATH_SEARCH_PATHS = (
					"$(inherited)",
					"@executable_path/Frameworks",
				);
				MARKETING_VERSION = 1.0;
				PRODUCT_BUNDLE_IDENTIFIER = "com.ugurhmz.--MVVM-C";
				PRODUCT_NAME = "$(TARGET_NAME)";
				SWIFT_EMIT_LOC_STRINGS = YES;
				SWIFT_VERSION = 5.0;
				TARGETED_DEVICE_FAMILY = "1,2";
			};
			name = Debug;
		};
		AA9727A9296D8D6D00FCD5B1 /* Release */ = {
			isa = XCBuildConfiguration;
			buildSettings = {
				ASSETCATALOG_COMPILER_APPICON_NAME = AppIcon;
				ASSETCATALOG_COMPILER_GLOBAL_ACCENT_COLOR_NAME = AccentColor;
				CODE_SIGN_STYLE = Automatic;
				CURRENT_PROJECT_VERSION = 1;
				DEVELOPMENT_TEAM = YW89A2JD7V;
				GENERATE_INFOPLIST_FILE = YES;
				INFOPLIST_FILE = "2.MVVM-C/Info.plist";
				INFOPLIST_KEY_UIApplicationSupportsIndirectInputEvents = YES;
				INFOPLIST_KEY_UILaunchStoryboardName = LaunchScreen;
				INFOPLIST_KEY_UISupportedInterfaceOrientations_iPad = "UIInterfaceOrientationPortrait UIInterfaceOrientationPortraitUpsideDown UIInterfaceOrientationLandscapeLeft UIInterfaceOrientationLandscapeRight";
				INFOPLIST_KEY_UISupportedInterfaceOrientations_iPhone = "UIInterfaceOrientationPortrait UIInterfaceOrientationLandscapeLeft UIInterfaceOrientationLandscapeRight";
				LD_RUNPATH_SEARCH_PATHS = (
					"$(inherited)",
					"@executable_path/Frameworks",
				);
				MARKETING_VERSION = 1.0;
				PRODUCT_BUNDLE_IDENTIFIER = "com.ugurhmz.--MVVM-C";
				PRODUCT_NAME = "$(TARGET_NAME)";
				SWIFT_EMIT_LOC_STRINGS = YES;
				SWIFT_VERSION = 5.0;
				TARGETED_DEVICE_FAMILY = "1,2";
			};
			name = Release;
		};
/* End XCBuildConfiguration section */

/* Begin XCConfigurationList section */
		AA97278E296D8D6B00FCD5B1 /* Build configuration list for PBXProject "2.MVVM-C" */ = {
			isa = XCConfigurationList;
			buildConfigurations = (
				AA9727A5296D8D6D00FCD5B1 /* Debug */,
				AA9727A6296D8D6D00FCD5B1 /* Release */,
			);
			defaultConfigurationIsVisible = 0;
			defaultConfigurationName = Release;
		};
		AA9727A7296D8D6D00FCD5B1 /* Build configuration list for PBXNativeTarget "2.MVVM-C" */ = {
			isa = XCConfigurationList;
			buildConfigurations = (
				AA9727A8296D8D6D00FCD5B1 /* Debug */,
				AA9727A9296D8D6D00FCD5B1 /* Release */,
			);
			defaultConfigurationIsVisible = 0;
			defaultConfigurationName = Release;
		};
/* End XCConfigurationList section */
	};
	rootObject = AA97278B296D8D6B00FCD5B1 /* Project object */;
}
